
Microsoft Visual Studio Solution File, Format Version 12.00
# Visual Studio Version 17
VisualStudioVersion = 17.8.34330.188
MinimumVisualStudioVersion = 10.0.40219.1
Project("{8BC9CEB8-8B4A-11D0-8D11-00A0C91BC942}") = "WinPractice", "WinPractice\WinPractice.vcxproj", "{E73A33B7-4245-435F-9FEC-64C04186A10D}"
EndProject
Global
	GlobalSection(SolutionConfigurationPlatforms) = preSolution
		Debug|x64 = Debug|x64
		Debug|x86 = Debug|x86
		Release|x64 = Release|x64
		Release|x86 = Release|x86
	EndGlobalSection
	GlobalSection(ProjectConfigurationPlatforms) = postSolution
		{E73A33B7-4245-435F-9FEC-64C04186A10D}.Debug|x64.ActiveCfg = Debug|x64
		{E73A33B7-4245-435F-9FEC-64C04186A10D}.Debug|x64.Build.0 = Debug|x64
		{E73A33B7-4245-435F-9FEC-64C04186A10D}.Debug|x86.ActiveCfg = Debug|Win32
		{E73A33B7-4245-435F-9FEC-64C04186A10D}.Debug|x86.Build.0 = Debug|Win32
		{E73A33B7-4245-435F-9FEC-64C04186A10D}.Release|x64.ActiveCfg = Release|x64
		{E73A33B7-4245-435F-9FEC-64C04186A10D}.Release|x64.Build.0 = Release|x64
		{E73A33B7-4245-435F-9FEC-64C04186A10D}.Release|x86.ActiveCfg = Release|Win32
		{E73A33B7-4245-435F-9FEC-64C04186A10D}.Release|x86.Build.0 = Release|Win32
	EndGlobalSection
	GlobalSection(SolutionProperties) = preSolution
		HideSolutionNode = FALSE
	EndGlobalSection
	GlobalSection(ExtensibilityGlobals) = postSolution
		SolutionGuid = {DDB7F4B4-5430-44D0-942B-D447D2DED55A}
	EndGlobalSection
EndGlobal
